lockfileVersion: '9.0'

settings:
  autoInstallPeers: true
  excludeLinksFromLockfile: false

importers:

  .:
    dependencies:
      '@mediapipe/selfie_segmentation':
        specifier: ^0.1.1675465747
        version: 0.1.1675465747
      '@tailwindcss/vite':
        specifier: ^4.1.18
        version: 4.1.18(vite@7.3.1(jiti@2.6.1)(lightningcss@1.30.2))
      '@tanstack/react-router':
        specifier: ^1.158.4
        version: 1.159.3(react-dom@18.3.1(react@18.3.1))(react@18.3.1)
      react:
        specifier: ^18.2.0
        version: 18.3.1
      react-dom:
        specifier: ^18.2.0
        version: 18.3.1(react@18.3.1)
      tailwindcss:
        specifier: ^4.1.18
        version: 4.1.18
      zustand:
        specifier: ^5.0.11
        version: 5.0.11(@types/react@18.3.28)(react@18.3.1)(use-sync-external-store@1.6.0(react@18.3.1))
    devDependencies:
      '@types/react':
        specifier: ^18.0.28
        version: 18.3.28
      '@types/react-dom':
        specifier: ^18.0.11
        version: 18.3.7(@types/react@18.3.28)
      '@vitejs/plugin-react-swc':
        specifier: ^3.0.0
        version: 3.11.0(vite@7.3.1(jiti@2.6.1)(lightningcss@1.30.2))
      typescript:
        specifier: ^5.9.3
        version: 5.9.3
      vite:
        specifier: ^7.3.1
        version: 7.3.1(jiti@2.6.1)(lightningcss@1.30.2)

packages:

  '@esbuild/aix-ppc64@0.27.3':
    resolution: {integrity: sha512-9fJMTNFTWZMh5qwrBItuziu834eOCUcEqymSH7pY+zoMVEZg3gcPuBNxH1EvfVYe9h0x/Ptw8KBzv7qxb7l8dg==}
    engines: {node: '>=18'}
    cpu: [ppc64]
    os: [aix]

  '@esbuild/android-arm64@0.27.3':
    resolution: {integrity: sha512-YdghPYUmj/FX2SYKJ0OZxf+iaKgMsKHVPF1MAq/P8WirnSpCStzKJFjOjzsW0QQ7oIAiccHdcqjbHmJxRb/dmg==}
    engines: {node: '>=18'}
    cpu: [arm64]
    os: [android]

  '@esbuild/android-arm@0.27.3':
    resolution: {integrity: sha512-i5D1hPY7GIQmXlXhs2w8AWHhenb00+GxjxRncS2ZM7YNVGNfaMxgzSGuO8o8SJzRc/oZwU2bcScvVERk03QhzA==}
    engines: {node: '>=18'}
    cpu: [arm]
    os: [android]

  '@esbuild/android-x64@0.27.3':
    resolution: {integrity: sha512-IN/0BNTkHtk8lkOM8JWAYFg4ORxBkZQf9zXiEOfERX/CzxW3Vg1ewAhU7QSWQpVIzTW+b8Xy+lGzdYXV6UZObQ==}
    engines: {node: '>=18'}
    cpu: [x64]
    os: [android]

  '@esbuild/darwin-arm64@0.27.3':
    resolution: {integrity: sha512-Re491k7ByTVRy0t3EKWajdLIr0gz2kKKfzafkth4Q8A5n1xTHrkqZgLLjFEHVD+AXdUGgQMq+Godfq45mGpCKg==}
    engines: {node: '>=18'}
    cpu: [arm64]
    os: [darwin]

  '@esbuild/darwin-x64@0.27.3':
    resolution: {integrity: sha512-vHk/hA7/1AckjGzRqi6wbo+jaShzRowYip6rt6q7VYEDX4LEy1pZfDpdxCBnGtl+A5zq8iXDcyuxwtv3hNtHFg==}
    engines: {node: '>=18'}
    cpu: [x64]
    os: [darwin]

  '@esbuild/freebsd-arm64@0.27.3':
    resolution: {integrity: sha512-ipTYM2fjt3kQAYOvo6vcxJx3nBYAzPjgTCk7QEgZG8AUO3ydUhvelmhrbOheMnGOlaSFUoHXB6un+A7q4ygY9w==}
    engines: {node: '>=18'}
    cpu: [arm64]
    os: [freebsd]

  '@esbuild/freebsd-x64@0.27.3':
    resolution: {integrity: sha512-dDk0X87T7mI6U3K9VjWtHOXqwAMJBNN2r7bejDsc+j03SEjtD9HrOl8gVFByeM0aJksoUuUVU9TBaZa2rgj0oA==}
    engines: {node: '>=18'}
    cpu: [x64]
    os: [freebsd]

  '@esbuild/linux-arm64@0.27.3':
    resolution: {integrity: sha512-sZOuFz/xWnZ4KH3YfFrKCf1WyPZHakVzTiqji3WDc0BCl2kBwiJLCXpzLzUBLgmp4veFZdvN5ChW4Eq/8Fc2Fg==}
    engines: {node: '>=18'}
    cpu: [arm64]
    os: [linux]

  '@esbuild/linux-arm@0.27.3':
    resolution: {integrity: sha512-s6nPv2QkSupJwLYyfS+gwdirm0ukyTFNl3KTgZEAiJDd+iHZcbTPPcWCcRYH+WlNbwChgH2QkE9NSlNrMT8Gfw==}
    engines: {node: '>=18'}
    cpu: [arm]
    os: [linux]

  '@esbuild/linux-ia32@0.27.3':
    resolution: {integrity: sha512-yGlQYjdxtLdh0a3jHjuwOrxQjOZYD/C9PfdbgJJF3TIZWnm/tMd/RcNiLngiu4iwcBAOezdnSLAwQDPqTmtTYg==}
    engines: {node: '>=18'}
    cpu: [ia32]
    os: [linux]

  '@esbuild/linux-loong64@0.27.3':
    resolution: {integrity: sha512-WO60Sn8ly3gtzhyjATDgieJNet/KqsDlX5nRC5Y3oTFcS1l0KWba+SEa9Ja1GfDqSF1z6hif/SkpQJbL63cgOA==}
    engines: {node: '>=18'}
    cpu: [loong64]
    os: [linux]

  '@esbuild/linux-mips64el@0.27.3':
    resolution: {integrity: sha512-APsymYA6sGcZ4pD6k+UxbDjOFSvPWyZhjaiPyl/f79xKxwTnrn5QUnXR5prvetuaSMsb4jgeHewIDCIWljrSxw==}
    engines: {node: '>=18'}
    cpu: [mips64el]
    os: [linux]

  '@esbuild/linux-ppc64@0.27.3':
    resolution: {integrity: sha512-eizBnTeBefojtDb9nSh4vvVQ3V9Qf9Df01PfawPcRzJH4gFSgrObw+LveUyDoKU3kxi5+9RJTCWlj4FjYXVPEA==}
    engines: {node: '>=18'}
    cpu: [ppc64]
    os: [linux]

  '@esbuild/linux-riscv64@0.27.3':
    resolution: {integrity: sha512-3Emwh0r5wmfm3ssTWRQSyVhbOHvqegUDRd0WhmXKX2mkHJe1SFCMJhagUleMq+Uci34wLSipf8Lagt4LlpRFWQ==}
    engines: {node: '>=18'}
    cpu: [riscv64]
    os: [linux]

  '@esbuild/linux-s390x@0.27.3':
    resolution: {integrity: sha512-pBHUx9LzXWBc7MFIEEL0yD/ZVtNgLytvx60gES28GcWMqil8ElCYR4kvbV2BDqsHOvVDRrOxGySBM9Fcv744hw==}
    engines: {node: '>=18'}
    cpu: [s390x]
    os: [linux]

  '@esbuild/linux-x64@0.27.3':
    resolution: {integrity: sha512-Czi8yzXUWIQYAtL/2y6vogER8pvcsOsk5cpwL4Gk5nJqH5UZiVByIY8Eorm5R13gq+DQKYg0+JyQoytLQas4dA==}
    engines: {node: '>=18'}
    cpu: [x64]
    os: [linux]

  '@esbuild/netbsd-arm64@0.27.3':
    resolution: {integrity: sha512-sDpk0RgmTCR/5HguIZa9n9u+HVKf40fbEUt+iTzSnCaGvY9kFP0YKBWZtJaraonFnqef5SlJ8/TiPAxzyS+UoA==}
    engines: {node: '>=18'}
    cpu: [arm64]
    os: [netbsd]

  '@esbuild/netbsd-x64@0.27.3':
    resolution: {integrity: sha512-P14lFKJl/DdaE00LItAukUdZO5iqNH7+PjoBm+fLQjtxfcfFE20Xf5CrLsmZdq5LFFZzb5JMZ9grUwvtVYzjiA==}
    engines: {node: '>=18'}
    cpu: [x64]
    os: [netbsd]

  '@esbuild/openbsd-arm64@0.27.3':
    resolution: {integrity: sha512-AIcMP77AvirGbRl/UZFTq5hjXK+2wC7qFRGoHSDrZ5v5b8DK/GYpXW3CPRL53NkvDqb9D+alBiC/dV0Fb7eJcw==}
    engines: {node: '>=18'}
    cpu: [arm64]
    os: [openbsd]

  '@esbuild/openbsd-x64@0.27.3':
    resolution: {integrity: sha512-DnW2sRrBzA+YnE70LKqnM3P+z8vehfJWHXECbwBmH/CU51z6FiqTQTHFenPlHmo3a8UgpLyH3PT+87OViOh1AQ==}
    engines: {node: '>=18'}
    cpu: [x64]
    os: [openbsd]

  '@esbuild/openharmony-arm64@0.27.3':
    resolution: {integrity: sha512-NinAEgr/etERPTsZJ7aEZQvvg/A6IsZG/LgZy+81wON2huV7SrK3e63dU0XhyZP4RKGyTm7aOgmQk0bGp0fy2g==}
    engines: {node: '>=18'}
    cpu: [arm64]
    os: [openharmony]

  '@esbuild/sunos-x64@0.27.3':
    resolution: {integrity: sha512-PanZ+nEz+eWoBJ8/f8HKxTTD172SKwdXebZ0ndd953gt1HRBbhMsaNqjTyYLGLPdoWHy4zLU7bDVJztF5f3BHA==}
    engines: {node: '>=18'}
    cpu: [x64]
    os: [sunos]

  '@esbuild/win32-arm64@0.27.3':
    resolution: {integrity: sha512-B2t59lWWYrbRDw/tjiWOuzSsFh1Y/E95ofKz7rIVYSQkUYBjfSgf6oeYPNWHToFRr2zx52JKApIcAS/D5TUBnA==}
    engines: {node: '>=18'}
    cpu: [arm64]
    os: [win32]

  '@esbuild/win32-ia32@0.27.3':
    resolution: {integrity: sha512-QLKSFeXNS8+tHW7tZpMtjlNb7HKau0QDpwm49u0vUp9y1WOF+PEzkU84y9GqYaAVW8aH8f3GcBck26jh54cX4Q==}
    engines: {node: '>=18'}
    cpu: [ia32]
    os: [win32]

  '@esbuild/win32-x64@0.27.3':
    resolution: {integrity: sha512-4uJGhsxuptu3OcpVAzli+/gWusVGwZZHTlS63hh++ehExkVT8SgiEf7/uC/PclrPPkLhZqGgCTjd0VWLo6xMqA==}
    engines: {node: '>=18'}
    cpu: [x64]
    os: [win32]

  '@jridgewell/gen-mapping@0.3.13':
    resolution: {integrity: sha512-2kkt/7niJ6MgEPxF0bYdQ6etZaA+fQvDcLKckhy1yIQOzaoKjBBjSj63/aLVjYE3qhRt5dvM+uUyfCg6UKCBbA==}

  '@jridgewell/remapping@2.3.5':
    resolution: {integrity: sha512-LI9u/+laYG4Ds1TDKSJW2YPrIlcVYOwi2fUC6xB43lueCjgxV4lffOCZCtYFiH6TNOX+tQKXx97T4IKHbhyHEQ==}

  '@jridgewell/resolve-uri@3.1.2':
    resolution: {integrity: sha512-bRISgCIjP20/tbWSPWMEi54QVPRZExkuD9lJL+UIxUKtwVJA8wW1Trb1jMs1RFXo1CBTNZ/5hpC9QvmKWdopKw==}
    engines: {node: '>=6.0.0'}

  '@jridgewell/sourcemap-codec@1.5.5':
    resolution: {integrity: sha512-cYQ9310grqxueWbl+WuIUIaiUaDcj7WOq5fVhEljNVgRfOUhY9fy2zTvfoqWsnebh8Sl70VScFbICvJnLKB0Og==}

  '@jridgewell/trace-mapping@0.3.31':
    resolution: {integrity: sha512-zzNR+SdQSDJzc8joaeP8QQoCQr8NuYx2dIIytl1QeBEZHJ9uW6hebsrYgbz8hJwUQao3TWCMtmfV8Nu1twOLAw==}

  '@mediapipe/selfie_segmentation@0.1.1675465747':
    resolution: {integrity: sha512-IxYxNhwE5VwOm52L1yoFWYLP7q9Pd+NJjzOC5tlepfvEGaY3o9hslhUrx9BgseqdfZtKSDtd/4NfCSMjNzQalA==}

  '@rolldown/pluginutils@1.0.0-beta.27':
    resolution: {integrity: sha512-+d0F4MKMCbeVUJwG96uQ4SgAznZNSq93I3V+9NHA4OpvqG8mRCpGdKmK8l/dl02h2CCDHwW2FqilnTyDcAnqjA==}

  '@rollup/rollup-android-arm-eabi@4.57.1':
    resolution: {integrity: sha512-A6ehUVSiSaaliTxai040ZpZ2zTevHYbvu/lDoeAteHI8QnaosIzm4qwtezfRg1jOYaUmnzLX1AOD6Z+UJjtifg==}
    cpu: [arm]
    os: [android]

  '@rollup/rollup-android-arm64@4.57.1':
    resolution: {integrity: sha512-dQaAddCY9YgkFHZcFNS/606Exo8vcLHwArFZ7vxXq4rigo2bb494/xKMMwRRQW6ug7Js6yXmBZhSBRuBvCCQ3w==}
    cpu: [arm64]
    os: [android]

  '@rollup/rollup-darwin-arm64@4.57.1':
    resolution: {integrity: sha512-crNPrwJOrRxagUYeMn/DZwqN88SDmwaJ8Cvi/TN1HnWBU7GwknckyosC2gd0IqYRsHDEnXf328o9/HC6OkPgOg==}
    cpu: [arm64]
    os: [darwin]

  '@rollup/rollup-darwin-x64@4.57.1':
    resolution: {integrity: sha512-Ji8g8ChVbKrhFtig5QBV7iMaJrGtpHelkB3lsaKzadFBe58gmjfGXAOfI5FV0lYMH8wiqsxKQ1C9B0YTRXVy4w==}
    cpu: [x64]
    os: [darwin]

  '@rollup/rollup-freebsd-arm64@4.57.1':
    resolution: {integrity: sha512-R+/WwhsjmwodAcz65guCGFRkMb4gKWTcIeLy60JJQbXrJ97BOXHxnkPFrP+YwFlaS0m+uWJTstrUA9o+UchFug==}
    cpu: [arm64]
    os: [freebsd]

  '@rollup/rollup-freebsd-x64@4.57.1':
    resolution: {integrity: sha512-IEQTCHeiTOnAUC3IDQdzRAGj3jOAYNr9kBguI7MQAAZK3caezRrg0GxAb6Hchg4lxdZEI5Oq3iov/w/hnFWY9Q==}
    cpu: [x64]
    os: [freebsd]

  '@rollup/rollup-linux-arm-gnueabihf@4.57.1':
    resolution: {integrity: sha512-F8sWbhZ7tyuEfsmOxwc2giKDQzN3+kuBLPwwZGyVkLlKGdV1nvnNwYD0fKQ8+XS6hp9nY7B+ZeK01EBUE7aHaw==}
    cpu: [arm]
    os: [linux]

  '@rollup/rollup-linux-arm-musleabihf@4.57.1':
    resolution: {integrity: sha512-rGfNUfn0GIeXtBP1wL5MnzSj98+PZe/AXaGBCRmT0ts80lU5CATYGxXukeTX39XBKsxzFpEeK+Mrp9faXOlmrw==}
    cpu: [arm]
    os: [linux]

  '@rollup/rollup-linux-arm64-gnu@4.57.1':
    resolution: {integrity: sha512-MMtej3YHWeg/0klK2Qodf3yrNzz6CGjo2UntLvk2RSPlhzgLvYEB3frRvbEF2wRKh1Z2fDIg9KRPe1fawv7C+g==}
    cpu: [arm64]
    os: [linux]

  '@rollup/rollup-linux-arm64-musl@4.57.1':
    resolution: {integrity: sha512-1a/qhaaOXhqXGpMFMET9VqwZakkljWHLmZOX48R0I/YLbhdxr1m4gtG1Hq7++VhVUmf+L3sTAf9op4JlhQ5u1Q==}
    cpu: [arm64]
    os: [linux]

  '@rollup/rollup-linux-loong64-gnu@4.57.1':
    resolution: {integrity: sha512-QWO6RQTZ/cqYtJMtxhkRkidoNGXc7ERPbZN7dVW5SdURuLeVU7lwKMpo18XdcmpWYd0qsP1bwKPf7DNSUinhvA==}
    cpu: [loong64]
    os: [linux]

  '@rollup/rollup-linux-loong64-musl@4.57.1':
    resolution: {integrity: sha512-xpObYIf+8gprgWaPP32xiN5RVTi/s5FCR+XMXSKmhfoJjrpRAjCuuqQXyxUa/eJTdAE6eJ+KDKaoEqjZQxh3Gw==}
    cpu: [loong64]
    os: [linux]

  '@rollup/rollup-linux-ppc64-gnu@4.57.1':
    resolution: {integrity: sha512-4BrCgrpZo4hvzMDKRqEaW1zeecScDCR+2nZ86ATLhAoJ5FQ+lbHVD3ttKe74/c7tNT9c6F2viwB3ufwp01Oh2w==}
    cpu: [ppc64]
    os: [linux]

  '@rollup/rollup-linux-ppc64-musl@4.57.1':
    resolution: {integrity: sha512-NOlUuzesGauESAyEYFSe3QTUguL+lvrN1HtwEEsU2rOwdUDeTMJdO5dUYl/2hKf9jWydJrO9OL/XSSf65R5+Xw==}
    cpu: [ppc64]
    os: [linux]

  '@rollup/rollup-linux-riscv64-gnu@4.57.1':
    resolution: {integrity: sha512-ptA88htVp0AwUUqhVghwDIKlvJMD/fmL/wrQj99PRHFRAG6Z5nbWoWG4o81Nt9FT+IuqUQi+L31ZKAFeJ5Is+A==}
    cpu: [riscv64]
    os: [linux]

  '@rollup/rollup-linux-riscv64-musl@4.57.1':
    resolution: {integrity: sha512-S51t7aMMTNdmAMPpBg7OOsTdn4tySRQvklmL3RpDRyknk87+Sp3xaumlatU+ppQ+5raY7sSTcC2beGgvhENfuw==}
    cpu: [riscv64]
    os: [linux]

  '@rollup/rollup-linux-s390x-gnu@4.57.1':
    resolution: {integrity: sha512-Bl00OFnVFkL82FHbEqy3k5CUCKH6OEJL54KCyx2oqsmZnFTR8IoNqBF+mjQVcRCT5sB6yOvK8A37LNm/kPJiZg==}
    cpu: [s390x]
    os: [linux]

  '@rollup/rollup-linux-x64-gnu@4.57.1':
    resolution: {integrity: sha512-ABca4ceT4N+Tv/GtotnWAeXZUZuM/9AQyCyKYyKnpk4yoA7QIAuBt6Hkgpw8kActYlew2mvckXkvx0FfoInnLg==}
    cpu: [x64]
    os: [linux]

  '@rollup/rollup-linux-x64-musl@4.57.1':
    resolution: {integrity: sha512-HFps0JeGtuOR2convgRRkHCekD7j+gdAuXM+/i6kGzQtFhlCtQkpwtNzkNj6QhCDp7DRJ7+qC/1Vg2jt5iSOFw==}
    cpu: [x64]
    os: [linux]

  '@rollup/rollup-openbsd-x64@4.57.1':
    resolution: {integrity: sha512-H+hXEv9gdVQuDTgnqD+SQffoWoc0Of59AStSzTEj/feWTBAnSfSD3+Dql1ZruJQxmykT/JVY0dE8Ka7z0DH1hw==}
    cpu: [x64]
    os: [openbsd]

  '@rollup/rollup-openharmony-arm64@4.57.1':
    resolution: {integrity: sha512-4wYoDpNg6o/oPximyc/NG+mYUejZrCU2q+2w6YZqrAs2UcNUChIZXjtafAiiZSUc7On8v5NyNj34Kzj/Ltk6dQ==}
    cpu: [arm64]
    os: [openharmony]

  '@rollup/rollup-win32-arm64-msvc@4.57.1':
    resolution: {integrity: sha512-O54mtsV/6LW3P8qdTcamQmuC990HDfR71lo44oZMZlXU4tzLrbvTii87Ni9opq60ds0YzuAlEr/GNwuNluZyMQ==}
    cpu: [arm64]
    os: [win32]

  '@rollup/rollup-win32-ia32-msvc@4.57.1':
    resolution: {integrity: sha512-P3dLS+IerxCT/7D2q2FYcRdWRl22dNbrbBEtxdWhXrfIMPP9lQhb5h4Du04mdl5Woq05jVCDPCMF7Ub0NAjIew==}
    cpu: [ia32]
    os: [win32]

  '@rollup/rollup-win32-x64-gnu@4.57.1':
    resolution: {integrity: sha512-VMBH2eOOaKGtIJYleXsi2B8CPVADrh+TyNxJ4mWPnKfLB/DBUmzW+5m1xUrcwWoMfSLagIRpjUFeW5CO5hyciQ==}
    cpu: [x64]
    os: [win32]

  '@rollup/rollup-win32-x64-msvc@4.57.1':
    resolution: {integrity: sha512-mxRFDdHIWRxg3UfIIAwCm6NzvxG0jDX/wBN6KsQFTvKFqqg9vTrWUE68qEjHt19A5wwx5X5aUi2zuZT7YR0jrA==}
    cpu: [x64]
    os: [win32]

  '@swc/core-darwin-arm64@1.15.11':
    resolution: {integrity: sha512-QoIupRWVH8AF1TgxYyeA5nS18dtqMuxNwchjBIwJo3RdwLEFiJq6onOx9JAxHtuPwUkIVuU2Xbp+jCJ7Vzmgtg==}
    engines: {node: '>=10'}
    cpu: [arm64]
    os: [darwin]

  '@swc/core-darwin-x64@1.15.11':
    resolution: {integrity: sha512-S52Gu1QtPSfBYDiejlcfp9GlN+NjTZBRRNsz8PNwBgSE626/FUf2PcllVUix7jqkoMC+t0rS8t+2/aSWlMuQtA==}
    engines: {node: '>=10'}
    cpu: [x64]
    os: [darwin]

  '@swc/core-linux-arm-gnueabihf@1.15.11':
    resolution: {integrity: sha512-lXJs8oXo6Z4yCpimpQ8vPeCjkgoHu5NoMvmJZ8qxDyU99KVdg6KwU9H79vzrmB+HfH+dCZ7JGMqMF//f8Cfvdg==}
    engines: {node: '>=10'}
    cpu: [arm]
    os: [linux]

  '@swc/core-linux-arm64-gnu@1.15.11':
    resolution: {integrity: sha512-chRsz1K52/vj8Mfq/QOugVphlKPWlMh10V99qfH41hbGvwAU6xSPd681upO4bKiOr9+mRIZZW+EfJqY42ZzRyA==}
    engines: {node: '>=10'}
    cpu: [arm64]
    os: [linux]

  '@swc/core-linux-arm64-musl@1.15.11':
    resolution: {integrity: sha512-PYftgsTaGnfDK4m6/dty9ryK1FbLk+LosDJ/RJR2nkXGc8rd+WenXIlvHjWULiBVnS1RsjHHOXmTS4nDhe0v0w==}
    engines: {node: '>=10'}
    cpu: [arm64]
    os: [linux]

  '@swc/core-linux-x64-gnu@1.15.11':
    resolution: {integrity: sha512-DKtnJKIHiZdARyTKiX7zdRjiDS1KihkQWatQiCHMv+zc2sfwb4Glrodx2VLOX4rsa92NLR0Sw8WLcPEMFY1szQ==}
    engines: {node: '>=10'}
    cpu: [x64]
    os: [linux]

  '@swc/core-linux-x64-musl@1.15.11':
    resolution: {integrity: sha512-mUjjntHj4+8WBaiDe5UwRNHuEzLjIWBTSGTw0JT9+C9/Yyuh4KQqlcEQ3ro6GkHmBGXBFpGIj/o5VMyRWfVfWw==}
    engines: {node: '>=10'}
    cpu: [x64]
    os: [linux]

  '@swc/core-win32-arm64-msvc@1.15.11':
    resolution: {integrity: sha512-ZkNNG5zL49YpaFzfl6fskNOSxtcZ5uOYmWBkY4wVAvgbSAQzLRVBp+xArGWh2oXlY/WgL99zQSGTv7RI5E6nzA==}
    engines: {node: '>=10'}
    cpu: [arm64]
    os: [win32]

  '@swc/core-win32-ia32-msvc@1.15.11':
    resolution: {integrity: sha512-6XnzORkZCQzvTQ6cPrU7iaT9+i145oLwnin8JrfsLG41wl26+5cNQ2XV3zcbrnFEV6esjOceom9YO1w9mGJByw==}
    engines: {node: '>=10'}
    cpu: [ia32]
    os: [win32]

  '@swc/core-win32-x64-msvc@1.15.11':
    resolution: {integrity: sha512-IQ2n6af7XKLL6P1gIeZACskSxK8jWtoKpJWLZmdXTDj1MGzktUy4i+FvpdtxFmJWNavRWH1VmTr6kAubRDHeKw==}
    engines: {node: '>=10'}
    cpu: [x64]
    os: [win32]

  '@swc/core@1.15.11':
    resolution: {integrity: sha512-iLmLTodbYxU39HhMPaMUooPwO/zqJWvsqkrXv1ZI38rMb048p6N7qtAtTp37sw9NzSrvH6oli8EdDygo09IZ/w==}
    engines: {node: '>=10'}
    peerDependencies:
      '@swc/helpers': '>=0.5.17'
    peerDependenciesMeta:
      '@swc/helpers':
        optional: true

  '@swc/counter@0.1.3':
    resolution: {integrity: sha512-e2BR4lsJkkRlKZ/qCHPw9ZaSxc0MVUd7gtbtaB7aMvHeJVYe8sOB8DBZkP2DtISHGSku9sCK6T6cnY0CtXrOCQ==}

  '@swc/types@0.1.25':
    resolution: {integrity: sha512-iAoY/qRhNH8a/hBvm3zKj9qQ4oc2+3w1unPJa2XvTK3XjeLXtzcCingVPw/9e5mn1+0yPqxcBGp9Jf0pkfMb1g==}

  '@tailwindcss/node@4.1.18':
    resolution: {integrity: sha512-DoR7U1P7iYhw16qJ49fgXUlry1t4CpXeErJHnQ44JgTSKMaZUdf17cfn5mHchfJ4KRBZRFA/Coo+MUF5+gOaCQ==}

  '@tailwindcss/oxide-android-arm64@4.1.18':
    resolution: {integrity: sha512-dJHz7+Ugr9U/diKJA0W6N/6/cjI+ZTAoxPf9Iz9BFRF2GzEX8IvXxFIi/dZBloVJX/MZGvRuFA9rqwdiIEZQ0Q==}
    engines: {node: '>= 10'}
    cpu: [arm64]
    os: [android]

  '@tailwindcss/oxide-darwin-arm64@4.1.18':
    resolution: {integrity: sha512-Gc2q4Qhs660bhjyBSKgq6BYvwDz4G+BuyJ5H1xfhmDR3D8HnHCmT/BSkvSL0vQLy/nkMLY20PQ2OoYMO15Jd0A==}
    engines: {node: '>= 10'}
    cpu: [arm64]
    os: [darwin]

  '@tailwindcss/oxide-darwin-x64@4.1.18':
    resolution: {integrity: sha512-FL5oxr2xQsFrc3X9o1fjHKBYBMD1QZNyc1Xzw/h5Qu4XnEBi3dZn96HcHm41c/euGV+GRiXFfh2hUCyKi/e+yw==}
    engines: {node: '>= 10'}
    cpu: [x64]
    os: [darwin]

  '@tailwindcss/oxide-freebsd-x64@4.1.18':
    resolution: {integrity: sha512-Fj+RHgu5bDodmV1dM9yAxlfJwkkWvLiRjbhuO2LEtwtlYlBgiAT4x/j5wQr1tC3SANAgD+0YcmWVrj8R9trVMA==}
    engines: {node: '>= 10'}
    cpu: [x64]
    os: [freebsd]

  '@tailwindcss/oxide-linux-arm-gnueabihf@4.1.18':
    resolution: {integrity: sha512-Fp+Wzk/Ws4dZn+LV2Nqx3IilnhH51YZoRaYHQsVq3RQvEl+71VGKFpkfHrLM/Li+kt5c0DJe/bHXK1eHgDmdiA==}
    engines: {node: '>= 10'}
    cpu: [arm]
    os: [linux]

  '@tailwindcss/oxide-linux-arm64-gnu@4.1.18':
    resolution: {integrity: sha512-S0n3jboLysNbh55Vrt7pk9wgpyTTPD0fdQeh7wQfMqLPM/Hrxi+dVsLsPrycQjGKEQk85Kgbx+6+QnYNiHalnw==}
    engines: {node: '>= 10'}
    cpu: [arm64]
    os: [linux]

  '@tailwindcss/oxide-linux-arm64-musl@4.1.18':
    resolution: {integrity: sha512-1px92582HkPQlaaCkdRcio71p8bc8i/ap5807tPRDK/uw953cauQBT8c5tVGkOwrHMfc2Yh6UuxaH4vtTjGvHg==}
    engines: {node: '>= 10'}
    cpu: [arm64]
    os: [linux]

  '@tailwindcss/oxide-linux-x64-gnu@4.1.18':
    resolution: {integrity: sha512-v3gyT0ivkfBLoZGF9LyHmts0Isc8jHZyVcbzio6Wpzifg/+5ZJpDiRiUhDLkcr7f/r38SWNe7ucxmGW3j3Kb/g==}
    engines: {node: '>= 10'}
    cpu: [x64]
    os: [linux]

  '@tailwindcss/oxide-linux-x64-musl@4.1.18':
    resolution: {integrity: sha512-bhJ2y2OQNlcRwwgOAGMY0xTFStt4/wyU6pvI6LSuZpRgKQwxTec0/3Scu91O8ir7qCR3AuepQKLU/kX99FouqQ==}
    engines: {node: '>= 10'}
    cpu: [x64]
    os: [linux]

  '@tailwindcss/oxide-wasm32-wasi@4.1.18':
    resolution: {integrity: sha512-LffYTvPjODiP6PT16oNeUQJzNVyJl1cjIebq/rWWBF+3eDst5JGEFSc5cWxyRCJ0Mxl+KyIkqRxk1XPEs9x8TA==}
    engines: {node: '>=14.0.0'}
    cpu: [wasm32]
    bundledDependencies:
      - '@napi-rs/wasm-runtime'
      - '@emnapi/core'
      - '@emnapi/runtime'
      - '@tybys/wasm-util'
      - '@emnapi/wasi-threads'
      - tslib

  '@tailwindcss/oxide-win32-arm64-msvc@4.1.18':
    resolution: {integrity: sha512-HjSA7mr9HmC8fu6bdsZvZ+dhjyGCLdotjVOgLA2vEqxEBZaQo9YTX4kwgEvPCpRh8o4uWc4J/wEoFzhEmjvPbA==}
    engines: {node: '>= 10'}
    cpu: [arm64]
    os: [win32]

  '@tailwindcss/oxide-win32-x64-msvc@4.1.18':
    resolution: {integrity: sha512-bJWbyYpUlqamC8dpR7pfjA0I7vdF6t5VpUGMWRkXVE3AXgIZjYUYAK7II1GNaxR8J1SSrSrppRar8G++JekE3Q==}
    engines: {node: '>= 10'}
    cpu: [x64]
    os: [win32]

  '@tailwindcss/oxide@4.1.18':
    resolution: {integrity: sha512-EgCR5tTS5bUSKQgzeMClT6iCY3ToqE1y+ZB0AKldj809QXk1Y+3jB0upOYZrn9aGIzPtUsP7sX4QQ4XtjBB95A==}
    engines: {node: '>= 10'}

  '@tailwindcss/vite@4.1.18':
    resolution: {integrity: sha512-jVA+/UpKL1vRLg6Hkao5jldawNmRo7mQYrZtNHMIVpLfLhDml5nMRUo/8MwoX2vNXvnaXNNMedrMfMugAVX1nA==}
    peerDependencies:
      vite: ^5.2.0 || ^6 || ^7

  '@tanstack/history@1.154.14':
    resolution: {integrity: sha512-xyIfof8eHBuub1CkBnbKNKQXeRZC4dClhmzePHVOEel4G7lk/dW+TQ16da7CFdeNLv6u6Owf5VoBQxoo6DFTSA==}
    engines: {node: '>=12'}

  '@tanstack/react-router@1.159.3':
    resolution: {integrity: sha512-VoQFmn1jR7lO2TIT+UlBNN6AWm+sBf0S7aAsCRDVI7IFuup3V/qBxKMKXDniUt3qMI1xF4gl7r7cQ2Sz8FogAw==}
    engines: {node: '>=12'}
    peerDependencies:
      react: '>=18.0.0 || >=19.0.0'
      react-dom: '>=18.0.0 || >=19.0.0'

  '@tanstack/react-store@0.8.0':
    resolution: {integrity: sha512-1vG9beLIuB7q69skxK9r5xiLN3ztzIPfSQSs0GfeqWGO2tGIyInZx0x1COhpx97RKaONSoAb8C3dxacWksm1ow==}
    peerDependencies:
      react: ^16.8.0 || ^17.0.0 || ^18.0.0 || ^19.0.0
      react-dom: ^16.8.0 || ^17.0.0 || ^18.0.0 || ^19.0.0

  '@tanstack/router-core@1.158.4':
    resolution: {integrity: sha512-KikgYdyrEFqsjjgv9pMhDTMmASMAyFRvUiKFdQPQtXq3aD1qv/zck4CbA4bfzp9N9nYu/qvWwU1mlYU4u5JeXg==}
    engines: {node: '>=12'}

  '@tanstack/store@0.8.0':
    resolution: {integrity: sha512-Om+BO0YfMZe//X2z0uLF2j+75nQga6TpTJgLJQBiq85aOyZNIhkCgleNcud2KQg4k4v9Y9l+Uhru3qWMPGTOzQ==}

  '@types/estree@1.0.8':
    resolution: {integrity: sha512-dWHzHa2WqEXI/O1E9OjrocMTKJl2mSrEolh1Iomrv6U+JuNwaHXsXx9bLu5gG7BUWFIN0skIQJQ/L1rIex4X6w==}

  '@types/prop-types@15.7.15':
    resolution: {integrity: sha512-F6bEyamV9jKGAFBEmlQnesRPGOQqS2+Uwi0Em15xenOxHaf2hv6L8YCVn3rPdPJOiJfPiCnLIRyvwVaqMY3MIw==}

  '@types/react-dom@18.3.7':
    resolution: {integrity: sha512-MEe3UeoENYVFXzoXEWsvcpg6ZvlrFNlOQ7EOsvhI3CfAXwzPfO8Qwuxd40nepsYKqyyVQnTdEfv68q91yLcKrQ==}
    peerDependencies:
      '@types/react': ^18.0.0

  '@types/react@18.3.28':
    resolution: {integrity: sha512-z9VXpC7MWrhfWipitjNdgCauoMLRdIILQsAEV+ZesIzBq/oUlxk0m3ApZuMFCXdnS4U7KrI+l3WRUEGQ8K1QKw==}

  '@vitejs/plugin-react-swc@3.11.0':
    resolution: {integrity: sha512-YTJCGFdNMHCMfjODYtxRNVAYmTWQ1Lb8PulP/2/f/oEEtglw8oKxKIZmmRkyXrVrHfsKOaVkAc3NT9/dMutO5w==}
    peerDependencies:
      vite: ^4 || ^5 || ^6 || ^7

  cookie-es@2.0.0:
    resolution: {integrity: sha512-RAj4E421UYRgqokKUmotqAwuplYw15qtdXfY+hGzgCJ/MBjCVZcSoHK/kH9kocfjRjcDME7IiDWR/1WX1TM2Pg==}

  csstype@3.2.3:
    resolution: {integrity: sha512-z1HGKcYy2xA8AGQfwrn0PAy+PB7X/GSj3UVJW9qKyn43xWa+gl5nXmU4qqLMRzWVLFC8KusUX8T/0kCiOYpAIQ==}

  detect-libc@2.1.2:
    resolution: {integrity: sha512-Btj2BOOO83o3WyH59e8MgXsxEQVcarkUOpEYrubB0urwnN10yQ364rsiByU11nZlqWYZm05i/of7io4mzihBtQ==}
    engines: {node: '>=8'}

  enhanced-resolve@5.19.0:
    resolution: {integrity: sha512-phv3E1Xl4tQOShqSte26C7Fl84EwUdZsyOuSSk9qtAGyyQs2s3jJzComh+Abf4g187lUUAvH+H26omrqia2aGg==}
    engines: {node: '>=10.13.0'}

  esbuild@0.27.3:
    resolution: {integrity: sha512-8VwMnyGCONIs6cWue2IdpHxHnAjzxnw2Zr7MkVxB2vjmQ2ivqGFb4LEG3SMnv0Gb2F/G/2yA8zUaiL1gywDCCg==}
    engines: {node: '>=18'}
    hasBin: true

  fdir@6.5.0:
    resolution: {integrity: sha512-tIbYtZbucOs0BRGqPJkshJUYdL+SDH7dVM8gjy+ERp3WAUjLEFJE+02kanyHtwjWOnwrKYBiwAmM0p4kLJAnXg==}
    engines: {node: '>=12.0.0'}
    peerDependencies:
      picomatch: ^3 || ^4
    peerDependenciesMeta:
      picomatch:
        optional: true

  fsevents@2.3.3:
    resolution: {integrity: sha512-5xoDfX+fL7faATnagmWPpbFtwh/R77WmMMqqHGS65C3vvB0YHrgF+B1YmZ3441tMj5n63k0212XNoJwzlhffQw==}
    engines: {node: ^8.16.0 || ^10.6.0 || >=11.0.0}
    os: [darwin]

  graceful-fs@4.2.11:
    resolution: {integrity: sha512-RbJ5/jmFcNNCcDV5o9eTnBLJ/HszWV0P73bc+Ff4nS/rJj+YaS6IGyiOL0VoBYX+l1Wrl3k63h/KrH+nhJ0XvQ==}

  isbot@5.1.34:
    resolution: {integrity: sha512-aCMIBSKd/XPRYdiCQTLC8QHH4YT8B3JUADu+7COgYIZPvkeoMcUHMRjZLM9/7V8fCj+l7FSREc1lOPNjzogo/A==}
    engines: {node: '>=18'}

  jiti@2.6.1:
    resolution: {integrity: sha512-ekilCSN1jwRvIbgeg/57YFh8qQDNbwDb9xT/qu2DAHbFFZUicIl4ygVaAvzveMhMVr3LnpSKTNnwt8PoOfmKhQ==}
    hasBin: true

  js-tokens@4.0.0:
    resolution: {integrity: sha512-RdJUflcE3cUzKiMqQgsCu06FPu9UdIJO0beYbPhHN4k6apgJtifcoCtT9bcxOpYBtpD2kCM6Sbzg4CausW/PKQ==}

  lightningcss-android-arm64@1.30.2:
    resolution: {integrity: sha512-BH9sEdOCahSgmkVhBLeU7Hc9DWeZ1Eb6wNS6Da8igvUwAe0sqROHddIlvU06q3WyXVEOYDZ6ykBZQnjTbmo4+A==}
    engines: {node: '>= 12.0.0'}
    cpu: [arm64]
    os: [android]

  lightningcss-darwin-arm64@1.30.2:
    resolution: {integrity: sha512-ylTcDJBN3Hp21TdhRT5zBOIi73P6/W0qwvlFEk22fkdXchtNTOU4Qc37SkzV+EKYxLouZ6M4LG9NfZ1qkhhBWA==}
    engines: {node: '>= 12.0.0'}
    cpu: [arm64]
    os: [darwin]

  lightningcss-darwin-x64@1.30.2:
    resolution: {integrity: sha512-oBZgKchomuDYxr7ilwLcyms6BCyLn0z8J0+ZZmfpjwg9fRVZIR5/GMXd7r9RH94iDhld3UmSjBM6nXWM2TfZTQ==}
    engines: {node: '>= 12.0.0'}
    cpu: [x64]
    os: [darwin]

  lightningcss-freebsd-x64@1.30.2:
    resolution: {integrity: sha512-c2bH6xTrf4BDpK8MoGG4Bd6zAMZDAXS569UxCAGcA7IKbHNMlhGQ89eRmvpIUGfKWNVdbhSbkQaWhEoMGmGslA==}
    engines: {node: '>= 12.0.0'}
    cpu: [x64]
    os: [freebsd]

  lightningcss-linux-arm-gnueabihf@1.30.2:
    resolution: {integrity: sha512-eVdpxh4wYcm0PofJIZVuYuLiqBIakQ9uFZmipf6LF/HRj5Bgm0eb3qL/mr1smyXIS1twwOxNWndd8z0E374hiA==}
    engines: {node: '>= 12.0.0'}
    cpu: [arm]
    os: [linux]

  lightningcss-linux-arm64-gnu@1.30.2:
    resolution: {integrity: sha512-UK65WJAbwIJbiBFXpxrbTNArtfuznvxAJw4Q2ZGlU8kPeDIWEX1dg3rn2veBVUylA2Ezg89ktszWbaQnxD/e3A==}
    engines: {node: '>= 12.0.0'}
    cpu: [arm64]
    os: [linux]

  lightningcss-linux-arm64-musl@1.30.2:
    resolution: {integrity: sha512-5Vh9dGeblpTxWHpOx8iauV02popZDsCYMPIgiuw97OJ5uaDsL86cnqSFs5LZkG3ghHoX5isLgWzMs+eD1YzrnA==}
    engines: {node: '>= 12.0.0'}
    cpu: [arm64]
    os: [linux]

  lightningcss-linux-x64-gnu@1.30.2:
    resolution: {integrity: sha512-Cfd46gdmj1vQ+lR6VRTTadNHu6ALuw2pKR9lYq4FnhvgBc4zWY1EtZcAc6EffShbb1MFrIPfLDXD6Xprbnni4w==}
    engines: {node: '>= 12.0.0'}
    cpu: [x64]
    os: [linux]

  lightningcss-linux-x64-musl@1.30.2:
    resolution: {integrity: sha512-XJaLUUFXb6/QG2lGIW6aIk6jKdtjtcffUT0NKvIqhSBY3hh9Ch+1LCeH80dR9q9LBjG3ewbDjnumefsLsP6aiA==}
    engines: {node: '>= 12.0.0'}
    cpu: [x64]
    os: [linux]

  lightningcss-win32-arm64-msvc@1.30.2:
    resolution: {integrity: sha512-FZn+vaj7zLv//D/192WFFVA0RgHawIcHqLX9xuWiQt7P0PtdFEVaxgF9rjM/IRYHQXNnk61/H/gb2Ei+kUQ4xQ==}
    engines: {node: '>= 12.0.0'}
    cpu: [arm64]
    os: [win32]

  lightningcss-win32-x64-msvc@1.30.2:
    resolution: {integrity: sha512-5g1yc73p+iAkid5phb4oVFMB45417DkRevRbt/El/gKXJk4jid+vPFF/AXbxn05Aky8PapwzZrdJShv5C0avjw==}
    engines: {node: '>= 12.0.0'}
    cpu: [x64]
    os: [win32]

  lightningcss@1.30.2:
    resolution: {integrity: sha512-utfs7Pr5uJyyvDETitgsaqSyjCb2qNRAtuqUeWIAKztsOYdcACf2KtARYXg2pSvhkt+9NfoaNY7fxjl6nuMjIQ==}
    engines: {node: '>= 12.0.0'}

  loose-envify@1.4.0:
    resolution: {integrity: sha512-lyuxPGr/Wfhrlem2CL/UcnUc1zcqKAImBDzukY7Y5F/yQiNdko6+fRLevlw1HgMySw7f611UIY408EtxRSoK3Q==}
    hasBin: true

  magic-string@0.30.21:
    resolution: {integrity: sha512-vd2F4YUyEXKGcLHoq+TEyCjxueSeHnFxyyjNp80yg0XV4vUhnDer/lvvlqM/arB5bXQN5K2/3oinyCRyx8T2CQ==}

  nanoid@3.3.11:
    resolution: {integrity: sha512-N8SpfPUnUp1bK+PMYW8qSWdl9U+wwNWI4QKxOYDy9JAro3WMX7p2OeVRF9v+347pnakNevPmiHhNmZ2HbFA76w==}
    engines: {node: ^10 || ^12 || ^13.7 || ^14 || >=15.0.1}
    hasBin: true

  picocolors@1.1.1:
    resolution: {integrity: sha512-xceH2snhtb5M9liqDsmEw56le376mTZkEX/jEb/RxNFyegNul7eNslCXP9FDj/Lcu0X8KEyMceP2ntpaHrDEVA==}

  picomatch@4.0.3:
    resolution: {integrity: sha512-5gTmgEY/sqK6gFXLIsQNH19lWb4ebPDLA4SdLP7dsWkIXHWlG66oPuVvXSGFPppYZz8ZDZq0dYYrbHfBCVUb1Q==}
    engines: {node: '>=12'}

  postcss@8.5.6:
    resolution: {integrity: sha512-3Ybi1tAuwAP9s0r1UQ2J4n5Y0G05bJkpUIO0/bI9MhwmD70S5aTWbXGBwxHrelT+XM1k6dM0pk+SwNkpTRN7Pg==}
    engines: {node: ^10 || ^12 || >=14}

  react-dom@18.3.1:
    resolution: {integrity: sha512-5m4nQKp+rZRb09LNH59GM4BxTh9251/ylbKIbpe7TpGxfJ+9kv6BLkLBXIjjspbgbnIBNqlI23tRnTWT0snUIw==}
    peerDependencies:
      react: ^18.3.1

  react@18.3.1:
    resolution: {integrity: sha512-wS+hAgJShR0KhEvPJArfuPVN1+Hz1t0Y6n5jLrGQbkb4urgPE/0Rve+1kMB1v/oWgHgm4WIcV+i7F2pTVj+2iQ==}
    engines: {node: '>=0.10.0'}

  rollup@4.57.1:
    resolution: {integrity: sha512-oQL6lgK3e2QZeQ7gcgIkS2YZPg5slw37hYufJ3edKlfQSGGm8ICoxswK15ntSzF/a8+h7ekRy7k7oWc3BQ7y8A==}
    engines: {node: '>=18.0.0', npm: '>=8.0.0'}
    hasBin: true

  scheduler@0.23.2:
    resolution: {integrity: sha512-UOShsPwz7NrMUqhR6t0hWjFduvOzbtv7toDH1/hIrfRNIDBnnBWd0CwJTGvTpngVlmwGCdP9/Zl/tVrDqcuYzQ==}

  seroval-plugins@1.5.0:
    resolution: {integrity: sha512-EAHqADIQondwRZIdeW2I636zgsODzoBDwb3PT/+7TLDWyw1Dy/Xv7iGUIEXXav7usHDE9HVhOU61irI3EnyyHA==}
    engines: {node: '>=10'}
    peerDependencies:
      seroval: ^1.0

  seroval@1.5.0:
    resolution: {integrity: sha512-OE4cvmJ1uSPrKorFIH9/w/Qwuvi/IMcGbv5RKgcJ/zjA/IohDLU6SVaxFN9FwajbP7nsX0dQqMDes1whk3y+yw==}
    engines: {node: '>=10'}

  source-map-js@1.2.1:
    resolution: {integrity: sha512-UXWMKhLOwVKb728IUtQPXxfYU+usdybtUrK/8uGE8CQMvrhOpwvzDBwj0QhSL7MQc7vIsISBG8VQ8+IDQxpfQA==}
    engines: {node: '>=0.10.0'}

  srvx@0.11.2:
    resolution: {integrity: sha512-u6NbjE84IJwm1XUnJ53WqylLTQ3BdWRw03lcjBNNeMBD+EFjkl0Cnw1RVaGSqRAo38pOHOPXJH30M6cuTINUxw==}
    engines: {node: '>=20.16.0'}
    hasBin: true

  tailwindcss@4.1.18:
    resolution: {integrity: sha512-4+Z+0yiYyEtUVCScyfHCxOYP06L5Ne+JiHhY2IjR2KWMIWhJOYZKLSGZaP5HkZ8+bY0cxfzwDE5uOmzFXyIwxw==}

  tapable@2.3.0:
    resolution: {integrity: sha512-g9ljZiwki/LfxmQADO3dEY1CbpmXT5Hm2fJ+QaGKwSXUylMybePR7/67YW7jOrrvjEgL1Fmz5kzyAjWVWLlucg==}
    engines: {node: '>=6'}

  tiny-invariant@1.3.3:
    resolution: {integrity: sha512-+FbBPE1o9QAYvviau/qC5SE3caw21q3xkvWKBtja5vgqOWIHHJ3ioaq1VPfn/Szqctz2bU/oYeKd9/z5BL+PVg==}

  tiny-warning@1.0.3:
    resolution: {integrity: sha512-lBN9zLN/oAf68o3zNXYrdCt1kP8WsiGW8Oo2ka41b2IM5JL/S1CTyX1rW0mb/zSuJun0ZUrDxx4sqvYS2FWzPA==}

  tinyglobby@0.2.15:
    resolution: {integrity: sha512-j2Zq4NyQYG5XMST4cbs02Ak8iJUdxRM0XI5QyxXuZOzKOINmWurp3smXu3y5wDcJrptwpSjgXHzIQxR0omXljQ==}
    engines: {node: '>=12.0.0'}

  typescript@5.9.3:
    resolution: {integrity: sha512-jl1vZzPDinLr9eUt3J/t7V6FgNEw9QjvBPdysz9KfQDD41fQrC2Y4vKQdiaUpFT4bXlb1RHhLpp8wtm6M5TgSw==}
    engines: {node: '>=14.17'}
    hasBin: true

  use-sync-external-store@1.6.0:
    resolution: {integrity: sha512-Pp6GSwGP/NrPIrxVFAIkOQeyw8lFenOHijQWkUTrDvrF4ALqylP2C/KCkeS9dpUM3KvYRQhna5vt7IL95+ZQ9w==}
    peerDependencies:
      react: ^16.8.0 || ^17.0.0 || ^18.0.0 || ^19.0.0

  vite@7.3.1:
    resolution: {integrity: sha512-w+N7Hifpc3gRjZ63vYBXA56dvvRlNWRczTdmCBBa+CotUzAPf5b7YMdMR/8CQoeYE5LX3W4wj6RYTgonm1b9DA==}
    engines: {node: ^20.19.0 || >=22.12.0}
    hasBin: true
    peerDependencies:
      '@types/node': ^20.19.0 || >=22.12.0
      jiti: '>=1.21.0'
      less: ^4.0.0
      lightningcss: ^1.21.0
      sass: ^1.70.0
      sass-embedded: ^1.70.0
      stylus: '>=0.54.8'
      sugarss: ^5.0.0
      terser: ^5.16.0
      tsx: ^4.8.1
      yaml: ^2.4.2
    peerDependenciesMeta:
      '@types/node':
        optional: true
      jiti:
        optional: true
      less:
        optional: true
      lightningcss:
        optional: true
      sass:
        optional: true
      sass-embedded:
        optional: true
      stylus:
        optional: true
      sugarss:
        optional: true
      terser:
        optional: true
      tsx:
        optional: true
      yaml:
        optional: true

  zustand@5.0.11:
    resolution: {integrity: sha512-fdZY+dk7zn/vbWNCYmzZULHRrss0jx5pPFiOuMZ/5HJN6Yv3u+1Wswy/4MpZEkEGhtNH+pwxZB8OKgUBPzYAGg==}
    engines: {node: '>=12.20.0'}
    peerDependencies:
      '@types/react': '>=18.0.0'
      immer: '>=9.0.6'
      react: '>=18.0.0'
      use-sync-external-store: '>=1.2.0'
    peerDependenciesMeta:
      '@types/react':
        optional: true
      immer:
        optional: true
      react:
        optional: true
      use-sync-external-store:
        optional: true

snapshots:

  '@esbuild/aix-ppc64@0.27.3':
    optional: true

  '@esbuild/android-arm64@0.27.3':
    optional: true

  '@esbuild/android-arm@0.27.3':
    optional: true

  '@esbuild/android-x64@0.27.3':
    optional: true

  '@esbuild/darwin-arm64@0.27.3':
    optional: true

  '@esbuild/darwin-x64@0.27.3':
    optional: true

  '@esbuild/freebsd-arm64@0.27.3':
    optional: true

  '@esbuild/freebsd-x64@0.27.3':
    optional: true

  '@esbuild/linux-arm64@0.27.3':
    optional: true

  '@esbuild/linux-arm@0.27.3':
    optional: true

  '@esbuild/linux-ia32@0.27.3':
    optional: true

  '@esbuild/linux-loong64@0.27.3':
    optional: true

  '@esbuild/linux-mips64el@0.27.3':
    optional: true

  '@esbuild/linux-ppc64@0.27.3':
    optional: true

  '@esbuild/linux-riscv64@0.27.3':
    optional: true

  '@esbuild/linux-s390x@0.27.3':
    optional: true

  '@esbuild/linux-x64@0.27.3':
    optional: true

  '@esbuild/netbsd-arm64@0.27.3':
    optional: true

  '@esbuild/netbsd-x64@0.27.3':
    optional: true

  '@esbuild/openbsd-arm64@0.27.3':
    optional: true

  '@esbuild/openbsd-x64@0.27.3':
    optional: true

  '@esbuild/openharmony-arm64@0.27.3':
    optional: true

  '@esbuild/sunos-x64@0.27.3':
    optional: true

  '@esbuild/win32-arm64@0.27.3':
    optional: true

  '@esbuild/win32-ia32@0.27.3':
    optional: true

  '@esbuild/win32-x64@0.27.3':
    optional: true

  '@jridgewell/gen-mapping@0.3.13':
    dependencies:
      '@jridgewell/sourcemap-codec': 1.5.5
      '@jridgewell/trace-mapping': 0.3.31

  '@jridgewell/remapping@2.3.5':
    dependencies:
      '@jridgewell/gen-mapping': 0.3.13
      '@jridgewell/trace-mapping': 0.3.31

  '@jridgewell/resolve-uri@3.1.2': {}

  '@jridgewell/sourcemap-codec@1.5.5': {}

  '@jridgewell/trace-mapping@0.3.31':
    dependencies:
      '@jridgewell/resolve-uri': 3.1.2
      '@jridgewell/sourcemap-codec': 1.5.5

  '@mediapipe/selfie_segmentation@0.1.1675465747': {}

  '@rolldown/pluginutils@1.0.0-beta.27': {}

  '@rollup/rollup-android-arm-eabi@4.57.1':
    optional: true

  '@rollup/rollup-android-arm64@4.57.1':
    optional: true

  '@rollup/rollup-darwin-arm64@4.57.1':
    optional: true

  '@rollup/rollup-darwin-x64@4.57.1':
    optional: true

  '@rollup/rollup-freebsd-arm64@4.57.1':
    optional: true

  '@rollup/rollup-freebsd-x64@4.57.1':
    optional: true

  '@rollup/rollup-linux-arm-gnueabihf@4.57.1':
    optional: true

  '@rollup/rollup-linux-arm-musleabihf@4.57.1':
    optional: true

  '@rollup/rollup-linux-arm64-gnu@4.57.1':
    optional: true

  '@rollup/rollup-linux-arm64-musl@4.57.1':
    optional: true

  '@rollup/rollup-linux-loong64-gnu@4.57.1':
    optional: true

  '@rollup/rollup-linux-loong64-musl@4.57.1':
    optional: true

  '@rollup/rollup-linux-ppc64-gnu@4.57.1':
    optional: true

  '@rollup/rollup-linux-ppc64-musl@4.57.1':
    optional: true

  '@rollup/rollup-linux-riscv64-gnu@4.57.1':
    optional: true

  '@rollup/rollup-linux-riscv64-musl@4.57.1':
    optional: true

  '@rollup/rollup-linux-s390x-gnu@4.57.1':
    optional: true

  '@rollup/rollup-linux-x64-gnu@4.57.1':
    optional: true

  '@rollup/rollup-linux-x64-musl@4.57.1':
    optional: true

  '@rollup/rollup-openbsd-x64@4.57.1':
    optional: true

  '@rollup/rollup-openharmony-arm64@4.57.1':
    optional: true

  '@rollup/rollup-win32-arm64-msvc@4.57.1':
    optional: true

  '@rollup/rollup-win32-ia32-msvc@4.57.1':
    optional: true

  '@rollup/rollup-win32-x64-gnu@4.57.1':
    optional: true

  '@rollup/rollup-win32-x64-msvc@4.57.1':
    optional: true

  '@swc/core-darwin-arm64@1.15.11':
    optional: true

  '@swc/core-darwin-x64@1.15.11':
    optional: true

  '@swc/core-linux-arm-gnueabihf@1.15.11':
    optional: true

  '@swc/core-linux-arm64-gnu@1.15.11':
    optional: true

  '@swc/core-linux-arm64-musl@1.15.11':
    optional: true

  '@swc/core-linux-x64-gnu@1.15.11':
    optional: true

  '@swc/core-linux-x64-musl@1.15.11':
    optional: true

  '@swc/core-win32-arm64-msvc@1.15.11':
    optional: true

  '@swc/core-win32-ia32-msvc@1.15.11':
    optional: true

  '@swc/core-win32-x64-msvc@1.15.11':
    optional: true

  '@swc/core@1.15.11':
    dependencies:
      '@swc/counter': 0.1.3
      '@swc/types': 0.1.25
    optionalDependencies:
      '@swc/core-darwin-arm64': 1.15.11
      '@swc/core-darwin-x64': 1.15.11
      '@swc/core-linux-arm-gnueabihf': 1.15.11
      '@swc/core-linux-arm64-gnu': 1.15.11
      '@swc/core-linux-arm64-musl': 1.15.11
      '@swc/core-linux-x64-gnu': 1.15.11
      '@swc/core-linux-x64-musl': 1.15.11
      '@swc/core-win32-arm64-msvc': 1.15.11
      '@swc/core-win32-ia32-msvc': 1.15.11
      '@swc/core-win32-x64-msvc': 1.15.11

  '@swc/counter@0.1.3': {}

  '@swc/types@0.1.25':
    dependencies:
      '@swc/counter': 0.1.3

  '@tailwindcss/node@4.1.18':
    dependencies:
      '@jridgewell/remapping': 2.3.5
      enhanced-resolve: 5.19.0
      jiti: 2.6.1
      lightningcss: 1.30.2
      magic-string: 0.30.21
      source-map-js: 1.2.1
      tailwindcss: 4.1.18

  '@tailwindcss/oxide-android-arm64@4.1.18':
    optional: true

  '@tailwindcss/oxide-darwin-arm64@4.1.18':
    optional: true

  '@tailwindcss/oxide-darwin-x64@4.1.18':
    optional: true

  '@tailwindcss/oxide-freebsd-x64@4.1.18':
    optional: true

  '@tailwindcss/oxide-linux-arm-gnueabihf@4.1.18':
    optional: true

  '@tailwindcss/oxide-linux-arm64-gnu@4.1.18':
    optional: true

  '@tailwindcss/oxide-linux-arm64-musl@4.1.18':
    optional: true

  '@tailwindcss/oxide-linux-x64-gnu@4.1.18':
    optional: true

  '@tailwindcss/oxide-linux-x64-musl@4.1.18':
    optional: true

  '@tailwindcss/oxide-wasm32-wasi@4.1.18':
    optional: true

  '@tailwindcss/oxide-win32-arm64-msvc@4.1.18':
    optional: true

  '@tailwindcss/oxide-win32-x64-msvc@4.1.18':
    optional: true

  '@tailwindcss/oxide@4.1.18':
    optionalDependencies:
      '@tailwindcss/oxide-android-arm64': 4.1.18
      '@tailwindcss/oxide-darwin-arm64': 4.1.18
      '@tailwindcss/oxide-darwin-x64': 4.1.18
      '@tailwindcss/oxide-freebsd-x64': 4.1.18
      '@tailwindcss/oxide-linux-arm-gnueabihf': 4.1.18
      '@tailwindcss/oxide-linux-arm64-gnu': 4.1.18
      '@tailwindcss/oxide-linux-arm64-musl': 4.1.18
      '@tailwindcss/oxide-linux-x64-gnu': 4.1.18
      '@tailwindcss/oxide-linux-x64-musl': 4.1.18
      '@tailwindcss/oxide-wasm32-wasi': 4.1.18
      '@tailwindcss/oxide-win32-arm64-msvc': 4.1.18
      '@tailwindcss/oxide-win32-x64-msvc': 4.1.18

  '@tailwindcss/vite@4.1.18(vite@7.3.1(jiti@2.6.1)(lightningcss@1.30.2))':
    dependencies:
      '@tailwindcss/node': 4.1.18
      '@tailwindcss/oxide': 4.1.18
      tailwindcss: 4.1.18
      vite: 7.3.1(jiti@2.6.1)(lightningcss@1.30.2)

  '@tanstack/history@1.154.14': {}

  '@tanstack/react-router@1.159.3(react-dom@18.3.1(react@18.3.1))(react@18.3.1)':
    dependencies:
      '@tanstack/history': 1.154.14
      '@tanstack/react-store': 0.8.0(react-dom@18.3.1(react@18.3.1))(react@18.3.1)
      '@tanstack/router-core': 1.158.4
      isbot: 5.1.34
      react: 18.3.1
      react-dom: 18.3.1(react@18.3.1)
      srvx: 0.11.2
      tiny-invariant: 1.3.3
      tiny-warning: 1.0.3

  '@tanstack/react-store@0.8.0(react-dom@18.3.1(react@18.3.1))(react@18.3.1)':
    dependencies:
      '@tanstack/store': 0.8.0
      react: 18.3.1
      react-dom: 18.3.1(react@18.3.1)
      use-sync-external-store: 1.6.0(react@18.3.1)

  '@tanstack/router-core@1.158.4':
    dependencies:
      '@tanstack/history': 1.154.14
      '@tanstack/store': 0.8.0
      cookie-es: 2.0.0
      seroval: 1.5.0
      seroval-plugins: 1.5.0(seroval@1.5.0)
      tiny-invariant: 1.3.3
      tiny-warning: 1.0.3

  '@tanstack/store@0.8.0': {}

  '@types/estree@1.0.8': {}

  '@types/prop-types@15.7.15': {}

  '@types/react-dom@18.3.7(@types/react@18.3.28)':
    dependencies:
      '@types/react': 18.3.28

  '@types/react@18.3.28':
    dependencies:
      '@types/prop-types': 15.7.15
      csstype: 3.2.3

  '@vitejs/plugin-react-swc@3.11.0(vite@7.3.1(jiti@2.6.1)(lightningcss@1.30.2))':
    dependencies:
      '@rolldown/pluginutils': 1.0.0-beta.27
      '@swc/core': 1.15.11
      vite: 7.3.1(jiti@2.6.1)(lightningcss@1.30.2)
    transitivePeerDependencies:
      - '@swc/helpers'

  cookie-es@2.0.0: {}

  csstype@3.2.3: {}

  detect-libc@2.1.2: {}

  enhanced-resolve@5.19.0:
    dependencies:
      graceful-fs: 4.2.11
      tapable: 2.3.0

  esbuild@0.27.3:
    optionalDependencies:
      '@esbuild/aix-ppc64': 0.27.3
      '@esbuild/android-arm': 0.27.3
      '@esbuild/android-arm64': 0.27.3
      '@esbuild/android-x64': 0.27.3
      '@esbuild/darwin-arm64': 0.27.3
      '@esbuild/darwin-x64': 0.27.3
      '@esbuild/freebsd-arm64': 0.27.3
      '@esbuild/freebsd-x64': 0.27.3
      '@esbuild/linux-arm': 0.27.3
      '@esbuild/linux-arm64': 0.27.3
      '@esbuild/linux-ia32': 0.27.3
      '@esbuild/linux-loong64': 0.27.3
      '@esbuild/linux-mips64el': 0.27.3
      '@esbuild/linux-ppc64': 0.27.3
      '@esbuild/linux-riscv64': 0.27.3
      '@esbuild/linux-s390x': 0.27.3
      '@esbuild/linux-x64': 0.27.3
      '@esbuild/netbsd-arm64': 0.27.3
      '@esbuild/netbsd-x64': 0.27.3
      '@esbuild/openbsd-arm64': 0.27.3
      '@esbuild/openbsd-x64': 0.27.3
      '@esbuild/openharmony-arm64': 0.27.3
      '@esbuild/sunos-x64': 0.27.3
      '@esbuild/win32-arm64': 0.27.3
      '@esbuild/win32-ia32': 0.27.3
      '@esbuild/win32-x64': 0.27.3

  fdir@6.5.0(picomatch@4.0.3):
    optionalDependencies:
      picomatch: 4.0.3

  fsevents@2.3.3:
    optional: true

  graceful-fs@4.2.11: {}

  isbot@5.1.34: {}

  jiti@2.6.1: {}

  js-tokens@4.0.0: {}

  lightningcss-android-arm64@1.30.2:
    optional: true

  lightningcss-darwin-arm64@1.30.2:
    optional: true

  lightningcss-darwin-x64@1.30.2:
    optional: true

  lightningcss-freebsd-x64@1.30.2:
    optional: true

  lightningcss-linux-arm-gnueabihf@1.30.2:
    optional: true

  lightningcss-linux-arm64-gnu@1.30.2:
    optional: true

  lightningcss-linux-arm64-musl@1.30.2:
    optional: true

  lightningcss-linux-x64-gnu@1.30.2:
    optional: true

  lightningcss-linux-x64-musl@1.30.2:
    optional: true

  lightningcss-win32-arm64-msvc@1.30.2:
    optional: true

  lightningcss-win32-x64-msvc@1.30.2:
    optional: true

  lightningcss@1.30.2:
    dependencies:
      detect-libc: 2.1.2
    optionalDependencies:
      lightningcss-android-arm64: 1.30.2
      lightningcss-darwin-arm64: 1.30.2
      lightningcss-darwin-x64: 1.30.2
      lightningcss-freebsd-x64: 1.30.2
      lightningcss-linux-arm-gnueabihf: 1.30.2
      lightningcss-linux-arm64-gnu: 1.30.2
      lightningcss-linux-arm64-musl: 1.30.2
      lightningcss-linux-x64-gnu: 1.30.2
      lightningcss-linux-x64-musl: 1.30.2
      lightningcss-win32-arm64-msvc: 1.30.2
      lightningcss-win32-x64-msvc: 1.30.2

  loose-envify@1.4.0:
    dependencies:
      js-tokens: 4.0.0

  magic-string@0.30.21:
    dependencies:
      '@jridgewell/sourcemap-codec': 1.5.5

  nanoid@3.3.11: {}

  picocolors@1.1.1: {}

  picomatch@4.0.3: {}

  postcss@8.5.6:
    dependencies:
      nanoid: 3.3.11
      picocolors: 1.1.1
      source-map-js: 1.2.1

  react-dom@18.3.1(react@18.3.1):
    dependencies:
      loose-envify: 1.4.0
      react: 18.3.1
      scheduler: 0.23.2

  react@18.3.1:
    dependencies:
      loose-envify: 1.4.0

  rollup@4.57.1:
    dependencies:
      '@types/estree': 1.0.8
    optionalDependencies:
      '@rollup/rollup-android-arm-eabi': 4.57.1
      '@rollup/rollup-android-arm64': 4.57.1
      '@rollup/rollup-darwin-arm64': 4.57.1
      '@rollup/rollup-darwin-x64': 4.57.1
      '@rollup/rollup-freebsd-arm64': 4.57.1
      '@rollup/rollup-freebsd-x64': 4.57.1
      '@rollup/rollup-linux-arm-gnueabihf': 4.57.1
      '@rollup/rollup-linux-arm-musleabihf': 4.57.1
      '@rollup/rollup-linux-arm64-gnu': 4.57.1
      '@rollup/rollup-linux-arm64-musl': 4.57.1
      '@rollup/rollup-linux-loong64-gnu': 4.57.1
      '@rollup/rollup-linux-loong64-musl': 4.57.1
      '@rollup/rollup-linux-ppc64-gnu': 4.57.1
      '@rollup/rollup-linux-ppc64-musl': 4.57.1
      '@rollup/rollup-linux-riscv64-gnu': 4.57.1
      '@rollup/rollup-linux-riscv64-musl': 4.57.1
      '@rollup/rollup-linux-s390x-gnu': 4.57.1
      '@rollup/rollup-linux-x64-gnu': 4.57.1
      '@rollup/rollup-linux-x64-musl': 4.57.1
      '@rollup/rollup-openbsd-x64': 4.57.1
      '@rollup/rollup-openharmony-arm64': 4.57.1
      '@rollup/rollup-win32-arm64-msvc': 4.57.1
      '@rollup/rollup-win32-ia32-msvc': 4.57.1
      '@rollup/rollup-win32-x64-gnu': 4.57.1
      '@rollup/rollup-win32-x64-msvc': 4.57.1
      fsevents: 2.3.3

  scheduler@0.23.2:
    dependencies:
      loose-envify: 1.4.0

  seroval-plugins@1.5.0(seroval@1.5.0):
    dependencies:
      seroval: 1.5.0

  seroval@1.5.0: {}

  source-map-js@1.2.1: {}

  srvx@0.11.2: {}

  tailwindcss@4.1.18: {}

  tapable@2.3.0: {}

  tiny-invariant@1.3.3: {}

  tiny-warning@1.0.3: {}

  tinyglobby@0.2.15:
    dependencies:
      fdir: 6.5.0(picomatch@4.0.3)
      picomatch: 4.0.3

  typescript@5.9.3: {}

  use-sync-external-store@1.6.0(react@18.3.1):
    dependencies:
      react: 18.3.1

  vite@7.3.1(jiti@2.6.1)(lightningcss@1.30.2):
    dependencies:
      esbuild: 0.27.3
      fdir: 6.5.0(picomatch@4.0.3)
      picomatch: 4.0.3
      postcss: 8.5.6
      rollup: 4.57.1
      tinyglobby: 0.2.15
    optionalDependencies:
      fsevents: 2.3.3
      jiti: 2.6.1
      lightningcss: 1.30.2

  zustand@5.0.11(@types/react@18.3.28)(react@18.3.1)(use-sync-external-store@1.6.0(react@18.3.1)):
    optionalDependencies:
      '@types/react': 18.3.28
      react: 18.3.1
      use-sync-external-store: 1.6.0(react@18.3.1)
